
Microsoft Visual Studio Solution File, Format Version 12.00
# Visual Studio Version 17
VisualStudioVersion = 17.14.36127.28
MinimumVisualStudioVersion = 10.0.40219.1
Project("{FAE04EC0-301F-11D3-BF4B-00C04F79EFBC}") = "Ark", "Ark\Ark.csproj", "{54C22515-D831-7302-978C-51DAD15FF814}"
EndProject
Project("{2150E333-8FDC-42A3-9474-1A3956D46DE8}") = "Ark.App", "Ark.App", "{7E4570A0-CF92-AA08-2656-CE2DB2EEF3F1}"
EndProject
Project("{FAE04EC0-301F-11D3-BF4B-00C04F79EFBC}") = "Ark.App", "Ark.App\Ark.App\Ark.App.csproj", "{E424C10E-BBE2-4884-B5CA-EE7C22543D3D}"
EndProject
Project("{FAE04EC0-301F-11D3-BF4B-00C04F79EFBC}") = "Ark.App.Diagnostics", "Ark.App\Ark.App.Diagnostics\Ark.App.Diagnostics.csproj", "{7EC72F15-A302-4EF1-8D89-D8C8A7A3D439}"
EndProject
Project("{2150E333-8FDC-42A3-9474-1A3956D46DE8}") = "Ark.Data", "Ark.Data", "{67E33AF6-69A8-4A8B-3DF5-22F1D1D02F5F}"
EndProject
Project("{FAE04EC0-301F-11D3-BF4B-00C04F79EFBC}") = "Ark.Data.EFCore.SqlServer", "Ark.Data\Ark.Data.EFCore.SqlServer\Ark.Data.EFCore.SqlServer.csproj", "{E1B2C99B-CCC2-4E73-AA10-E26ADC2540C4}"
EndProject
Project("{FAE04EC0-301F-11D3-BF4B-00C04F79EFBC}") = "Ark.Data", "Ark.Data\Ark.Data\Ark.Data.csproj", "{5938DD7D-7EF2-4D68-AF97-DCE4DD6A489C}"
EndProject
Project("{FAE04EC0-301F-11D3-BF4B-00C04F79EFBC}") = "Ark.Data.EFCore", "Ark.Data\Ark.Data.EFCore\Ark.Data.EFCore.csproj", "{A992E1AA-1FA9-47E6-BB46-12207E54A87F}"
EndProject
Project("{FAE04EC0-301F-11D3-BF4B-00C04F79EFBC}") = "Ark.Data.Excel", "Ark.Data\Ark.Data.Excel\Ark.Data.Excel.csproj", "{8A816AA0-2379-490C-A64A-7B62F8384753}"
EndProject
Project("{FAE04EC0-301F-11D3-BF4B-00C04F79EFBC}") = "Ark.Api.TradingView", "Ark.Api.TradingView\Ark.Api.TradingView.csproj", "{A65D5CF7-B411-4A20-AAFA-3D1FA9EA5015}"
EndProject
Project("{2150E333-8FDC-42A3-9474-1A3956D46DE8}") = "Ark.Net", "Ark.Net", "{FC3E5D36-1368-2651-4FB0-1AEE5DC5F2AE}"
EndProject
Project("{FAE04EC0-301F-11D3-BF4B-00C04F79EFBC}") = "Ark.Net.Ftp", "Ark.Net\Ark.Net.Ftp\Ark.Net.Ftp.csproj", "{A805ADB5-7976-442F-A952-280B90B657F1}"
EndProject
Project("{FAE04EC0-301F-11D3-BF4B-00C04F79EFBC}") = "Ark.Net.Http", "Ark.Net\Ark.Net.Http\Ark.Net.Http.csproj", "{0FF90998-25F0-4F6E-85F3-42C6519BC411}"
EndProject
Project("{FAE04EC0-301F-11D3-BF4B-00C04F79EFBC}") = "Ark.Net.Models", "Ark.Net\Ark.Net.Models\Ark.Net.Models.csproj", "{5C4E38FE-EE28-4CA2-A03F-0C4F8DBF1837}"
EndProject
Project("{FAE04EC0-301F-11D3-BF4B-00C04F79EFBC}") = "Ark.Net.CrossCutting", "Ark.Net\Ark.Net.CrossCutting\Ark.Net.CrossCutting.csproj", "{68EAB5A3-47D3-4360-9765-AE3311803CED}"
EndProject
Project("{FAE04EC0-301F-11D3-BF4B-00C04F79EFBC}") = "Ark.Net.Ssh", "Ark.Net\Ark.Net.Ssh\Ark.Net.Ssh.csproj", "{2563DBB4-FF54-411B-BB0A-1B47D97E189F}"
EndProject
Project("{FAE04EC0-301F-11D3-BF4B-00C04F79EFBC}") = "Ark.Api.Binance", "Ark.Api.Binance\Ark.Api.Binance.csproj", "{CF7F6CF1-83B1-47DF-A358-551C729C077C}"
EndProject
Project("{2150E333-8FDC-42A3-9474-1A3956D46DE8}") = "Ark.AspNetCore", "Ark.AspNetCore", "{1F17DF99-6B60-51ED-9785-CEC5C85BA640}"
EndProject
Project("{FAE04EC0-301F-11D3-BF4B-00C04F79EFBC}") = "Ark.AspNetCore.Search", "Ark.AspNetCore\Ark.AspNetCore.Search\Ark.AspNetCore.Search.csproj", "{6F2E68CC-77F5-41A1-A7D9-D26AF8DBB2C7}"
EndProject
Project("{FAE04EC0-301F-11D3-BF4B-00C04F79EFBC}") = "Ark.AspNetCore", "Ark.AspNetCore\Ark.AspNetCore\Ark.AspNetCore.csproj", "{A7F13E80-ECC9-4E2C-82EC-8CAFAE9DB373}"
EndProject
Project("{FAE04EC0-301F-11D3-BF4B-00C04F79EFBC}") = "Ark.AspNetCore.Search.Models", "Ark.AspNetCore\Ark.AspNetCore.Search.Models\Ark.AspNetCore.Search.Models.csproj", "{0983A2AA-33D5-47B6-AA6E-073F201B230C}"
EndProject
Project("{2150E333-8FDC-42A3-9474-1A3956D46DE8}") = "Ark.System", "Ark.System", "{8BE3BCE6-229B-752F-7BFB-D06336C497AC}"
EndProject
Project("{2150E333-8FDC-42A3-9474-1A3956D46DE8}") = "Ark.Core.Systeminfo", "Ark.Core.Systeminfo", "{EBAC68AA-48F6-C4FA-F532-D364198177C6}"
EndProject
Project("{FAE04EC0-301F-11D3-BF4B-00C04F79EFBC}") = "Ark.Infrastructure.Info", "Ark.System\Ark.Core.Systeminfo\Ark.Infrastructure.Info.csproj", "{1698511A-FB8B-4D69-B043-5ECC6A471778}"
EndProject
Project("{2150E333-8FDC-42A3-9474-1A3956D46DE8}") = "Ark.Mq", "Ark.Mq", "{E0039ADD-1F34-3C7D-1593-36E009EA29A2}"
EndProject
Project("{FAE04EC0-301F-11D3-BF4B-00C04F79EFBC}") = "Ark.Mq.Emqx5", "Ark.Mq\Ark.Mq.Emqx5\Ark.Mq.Emqx5.csproj", "{EB018625-F000-4996-8402-D06A29125208}"
EndProject
Project("{FAE04EC0-301F-11D3-BF4B-00C04F79EFBC}") = "Ark.Mq.RabbitMq", "Ark.Mq\Ark.Mq.RabbitMq\Ark.Mq.RabbitMq.csproj", "{B59F358B-FD4C-41B7-AAF9-2BC5036D2450}"
EndProject
Project("{FAE04EC0-301F-11D3-BF4B-00C04F79EFBC}") = "Ark.Mq.RocketMq", "Ark.Mq\Ark.Mq.RocketMq\Ark.Mq.RocketMq.csproj", "{60294A43-B2E2-4430-A7FC-071D8564BB27}"
EndProject
Project("{2150E333-8FDC-42A3-9474-1A3956D46DE8}") = "Ark.Mq.MqSeries", "Ark.Mq.MqSeries", "{0ADB9AB5-2819-C541-B666-17D100AC84AD}"
EndProject
Project("{FAE04EC0-301F-11D3-BF4B-00C04F79EFBC}") = "Ark.Net.MqSeries", "Ark.Mq\Ark.Mq.MqSeries\Ark.Net.MqSeries.csproj", "{68448346-E62F-40B8-AC3F-DC54D6FDFCEE}"
EndProject
Project("{FAE04EC0-301F-11D3-BF4B-00C04F79EFBC}") = "Ark.Mq.ZeroMq", "Ark.Mq\Ark.Mq.ZeroMq\Ark.Mq.ZeroMq.csproj", "{212F1039-2F35-460C-9B34-13C758A203DF}"
EndProject
Global
	GlobalSection(SolutionConfigurationPlatforms) = preSolution
		Debug|Any CPU = Debug|Any CPU
		Debug|x64 = Debug|x64
		Debug|x86 = Debug|x86
		Release|Any CPU = Release|Any CPU
		Release|x64 = Release|x64
		Release|x86 = Release|x86
	EndGlobalSection
	GlobalSection(ProjectConfigurationPlatforms) = postSolution
		{54C22515-D831-7302-978C-51DAD15FF814}.Debug|Any CPU.ActiveCfg = Debug|Any CPU
		{54C22515-D831-7302-978C-51DAD15FF814}.Debug|Any CPU.Build.0 = Debug|Any CPU
		{54C22515-D831-7302-978C-51DAD15FF814}.Debug|x64.ActiveCfg = Debug|Any CPU
		{54C22515-D831-7302-978C-51DAD15FF814}.Debug|x64.Build.0 = Debug|Any CPU
		{54C22515-D831-7302-978C-51DAD15FF814}.Debug|x86.ActiveCfg = Debug|Any CPU
		{54C22515-D831-7302-978C-51DAD15FF814}.Debug|x86.Build.0 = Debug|Any CPU
		{54C22515-D831-7302-978C-51DAD15FF814}.Release|Any CPU.ActiveCfg = Release|Any CPU
		{54C22515-D831-7302-978C-51DAD15FF814}.Release|Any CPU.Build.0 = Release|Any CPU
		{54C22515-D831-7302-978C-51DAD15FF814}.Release|x64.ActiveCfg = Release|Any CPU
		{54C22515-D831-7302-978C-51DAD15FF814}.Release|x64.Build.0 = Release|Any CPU
		{54C22515-D831-7302-978C-51DAD15FF814}.Release|x86.ActiveCfg = Release|Any CPU
		{54C22515-D831-7302-978C-51DAD15FF814}.Release|x86.Build.0 = Release|Any CPU
		{E424C10E-BBE2-4884-B5CA-EE7C22543D3D}.Debug|Any CPU.ActiveCfg = Debug|Any CPU
		{E424C10E-BBE2-4884-B5CA-EE7C22543D3D}.Debug|Any CPU.Build.0 = Debug|Any CPU
		{E424C10E-BBE2-4884-B5CA-EE7C22543D3D}.Debug|x64.ActiveCfg = Debug|Any CPU
		{E424C10E-BBE2-4884-B5CA-EE7C22543D3D}.Debug|x64.Build.0 = Debug|Any CPU
		{E424C10E-BBE2-4884-B5CA-EE7C22543D3D}.Debug|x86.ActiveCfg = Debug|Any CPU
		{E424C10E-BBE2-4884-B5CA-EE7C22543D3D}.Debug|x86.Build.0 = Debug|Any CPU
		{E424C10E-BBE2-4884-B5CA-EE7C22543D3D}.Release|Any CPU.ActiveCfg = Release|Any CPU
		{E424C10E-BBE2-4884-B5CA-EE7C22543D3D}.Release|Any CPU.Build.0 = Release|Any CPU
		{E424C10E-BBE2-4884-B5CA-EE7C22543D3D}.Release|x64.ActiveCfg = Release|Any CPU
		{E424C10E-BBE2-4884-B5CA-EE7C22543D3D}.Release|x64.Build.0 = Release|Any CPU
		{E424C10E-BBE2-4884-B5CA-EE7C22543D3D}.Release|x86.ActiveCfg = Release|Any CPU
		{E424C10E-BBE2-4884-B5CA-EE7C22543D3D}.Release|x86.Build.0 = Release|Any CPU
		{7EC72F15-A302-4EF1-8D89-D8C8A7A3D439}.Debug|Any CPU.ActiveCfg = Debug|Any CPU
		{7EC72F15-A302-4EF1-8D89-D8C8A7A3D439}.Debug|Any CPU.Build.0 = Debug|Any CPU
		{7EC72F15-A302-4EF1-8D89-D8C8A7A3D439}.Debug|x64.ActiveCfg = Debug|Any CPU
		{7EC72F15-A302-4EF1-8D89-D8C8A7A3D439}.Debug|x64.Build.0 = Debug|Any CPU
		{7EC72F15-A302-4EF1-8D89-D8C8A7A3D439}.Debug|x86.ActiveCfg = Debug|Any CPU
		{7EC72F15-A302-4EF1-8D89-D8C8A7A3D439}.Debug|x86.Build.0 = Debug|Any CPU
		{7EC72F15-A302-4EF1-8D89-D8C8A7A3D439}.Release|Any CPU.ActiveCfg = Release|Any CPU
		{7EC72F15-A302-4EF1-8D89-D8C8A7A3D439}.Release|Any CPU.Build.0 = Release|Any CPU
		{7EC72F15-A302-4EF1-8D89-D8C8A7A3D439}.Release|x64.ActiveCfg = Release|Any CPU
		{7EC72F15-A302-4EF1-8D89-D8C8A7A3D439}.Release|x64.Build.0 = Release|Any CPU
		{7EC72F15-A302-4EF1-8D89-D8C8A7A3D439}.Release|x86.ActiveCfg = Release|Any CPU
		{7EC72F15-A302-4EF1-8D89-D8C8A7A3D439}.Release|x86.Build.0 = Release|Any CPU
		{E1B2C99B-CCC2-4E73-AA10-E26ADC2540C4}.Debug|Any CPU.ActiveCfg = Debug|Any CPU
		{E1B2C99B-CCC2-4E73-AA10-E26ADC2540C4}.Debug|Any CPU.Build.0 = Debug|Any CPU
		{E1B2C99B-CCC2-4E73-AA10-E26ADC2540C4}.Debug|x64.ActiveCfg = Debug|Any CPU
		{E1B2C99B-CCC2-4E73-AA10-E26ADC2540C4}.Debug|x64.Build.0 = Debug|Any CPU
		{E1B2C99B-CCC2-4E73-AA10-E26ADC2540C4}.Debug|x86.ActiveCfg = Debug|Any CPU
		{E1B2C99B-CCC2-4E73-AA10-E26ADC2540C4}.Debug|x86.Build.0 = Debug|Any CPU
		{E1B2C99B-CCC2-4E73-AA10-E26ADC2540C4}.Release|Any CPU.ActiveCfg = Release|Any CPU
		{E1B2C99B-CCC2-4E73-AA10-E26ADC2540C4}.Release|Any CPU.Build.0 = Release|Any CPU
		{E1B2C99B-CCC2-4E73-AA10-E26ADC2540C4}.Release|x64.ActiveCfg = Release|Any CPU
		{E1B2C99B-CCC2-4E73-AA10-E26ADC2540C4}.Release|x64.Build.0 = Release|Any CPU
		{E1B2C99B-CCC2-4E73-AA10-E26ADC2540C4}.Release|x86.ActiveCfg = Release|Any CPU
		{E1B2C99B-CCC2-4E73-AA10-E26ADC2540C4}.Release|x86.Build.0 = Release|Any CPU
		{5938DD7D-7EF2-4D68-AF97-DCE4DD6A489C}.Debug|Any CPU.ActiveCfg = Debug|Any CPU
		{5938DD7D-7EF2-4D68-AF97-DCE4DD6A489C}.Debug|Any CPU.Build.0 = Debug|Any CPU
		{5938DD7D-7EF2-4D68-AF97-DCE4DD6A489C}.Debug|x64.ActiveCfg = Debug|Any CPU
		{5938DD7D-7EF2-4D68-AF97-DCE4DD6A489C}.Debug|x64.Build.0 = Debug|Any CPU
		{5938DD7D-7EF2-4D68-AF97-DCE4DD6A489C}.Debug|x86.ActiveCfg = Debug|Any CPU
		{5938DD7D-7EF2-4D68-AF97-DCE4DD6A489C}.Debug|x86.Build.0 = Debug|Any CPU
		{5938DD7D-7EF2-4D68-AF97-DCE4DD6A489C}.Release|Any CPU.ActiveCfg = Release|Any CPU
		{5938DD7D-7EF2-4D68-AF97-DCE4DD6A489C}.Release|Any CPU.Build.0 = Release|Any CPU
		{5938DD7D-7EF2-4D68-AF97-DCE4DD6A489C}.Release|x64.ActiveCfg = Release|Any CPU
		{5938DD7D-7EF2-4D68-AF97-DCE4DD6A489C}.Release|x64.Build.0 = Release|Any CPU
		{5938DD7D-7EF2-4D68-AF97-DCE4DD6A489C}.Release|x86.ActiveCfg = Release|Any CPU
		{5938DD7D-7EF2-4D68-AF97-DCE4DD6A489C}.Release|x86.Build.0 = Release|Any CPU
		{A992E1AA-1FA9-47E6-BB46-12207E54A87F}.Debug|Any CPU.ActiveCfg = Debug|Any CPU
		{A992E1AA-1FA9-47E6-BB46-12207E54A87F}.Debug|Any CPU.Build.0 = Debug|Any CPU
		{A992E1AA-1FA9-47E6-BB46-12207E54A87F}.Debug|x64.ActiveCfg = Debug|Any CPU
		{A992E1AA-1FA9-47E6-BB46-12207E54A87F}.Debug|x64.Build.0 = Debug|Any CPU
		{A992E1AA-1FA9-47E6-BB46-12207E54A87F}.Debug|x86.ActiveCfg = Debug|Any CPU
		{A992E1AA-1FA9-47E6-BB46-12207E54A87F}.Debug|x86.Build.0 = Debug|Any CPU
		{A992E1AA-1FA9-47E6-BB46-12207E54A87F}.Release|Any CPU.ActiveCfg = Release|Any CPU
		{A992E1AA-1FA9-47E6-BB46-12207E54A87F}.Release|Any CPU.Build.0 = Release|Any CPU
		{A992E1AA-1FA9-47E6-BB46-12207E54A87F}.Release|x64.ActiveCfg = Release|Any CPU
		{A992E1AA-1FA9-47E6-BB46-12207E54A87F}.Release|x64.Build.0 = Release|Any CPU
		{A992E1AA-1FA9-47E6-BB46-12207E54A87F}.Release|x86.ActiveCfg = Release|Any CPU
		{A992E1AA-1FA9-47E6-BB46-12207E54A87F}.Release|x86.Build.0 = Release|Any CPU
		{8A816AA0-2379-490C-A64A-7B62F8384753}.Debug|Any CPU.ActiveCfg = Debug|Any CPU
		{8A816AA0-2379-490C-A64A-7B62F8384753}.Debug|Any CPU.Build.0 = Debug|Any CPU
		{8A816AA0-2379-490C-A64A-7B62F8384753}.Debug|x64.ActiveCfg = Debug|Any CPU
		{8A816AA0-2379-490C-A64A-7B62F8384753}.Debug|x64.Build.0 = Debug|Any CPU
		{8A816AA0-2379-490C-A64A-7B62F8384753}.Debug|x86.ActiveCfg = Debug|Any CPU
		{8A816AA0-2379-490C-A64A-7B62F8384753}.Debug|x86.Build.0 = Debug|Any CPU
		{8A816AA0-2379-490C-A64A-7B62F8384753}.Release|Any CPU.ActiveCfg = Release|Any CPU
		{8A816AA0-2379-490C-A64A-7B62F8384753}.Release|Any CPU.Build.0 = Release|Any CPU
		{8A816AA0-2379-490C-A64A-7B62F8384753}.Release|x64.ActiveCfg = Release|Any CPU
		{8A816AA0-2379-490C-A64A-7B62F8384753}.Release|x64.Build.0 = Release|Any CPU
		{8A816AA0-2379-490C-A64A-7B62F8384753}.Release|x86.ActiveCfg = Release|Any CPU
		{8A816AA0-2379-490C-A64A-7B62F8384753}.Release|x86.Build.0 = Release|Any CPU
		{A65D5CF7-B411-4A20-AAFA-3D1FA9EA5015}.Debug|Any CPU.ActiveCfg = Debug|Any CPU
		{A65D5CF7-B411-4A20-AAFA-3D1FA9EA5015}.Debug|Any CPU.Build.0 = Debug|Any CPU
		{A65D5CF7-B411-4A20-AAFA-3D1FA9EA5015}.Debug|x64.ActiveCfg = Debug|Any CPU
		{A65D5CF7-B411-4A20-AAFA-3D1FA9EA5015}.Debug|x64.Build.0 = Debug|Any CPU
		{A65D5CF7-B411-4A20-AAFA-3D1FA9EA5015}.Debug|x86.ActiveCfg = Debug|Any CPU
		{A65D5CF7-B411-4A20-AAFA-3D1FA9EA5015}.Debug|x86.Build.0 = Debug|Any CPU
		{A65D5CF7-B411-4A20-AAFA-3D1FA9EA5015}.Release|Any CPU.ActiveCfg = Release|Any CPU
		{A65D5CF7-B411-4A20-AAFA-3D1FA9EA5015}.Release|Any CPU.Build.0 = Release|Any CPU
		{A65D5CF7-B411-4A20-AAFA-3D1FA9EA5015}.Release|x64.ActiveCfg = Release|Any CPU
		{A65D5CF7-B411-4A20-AAFA-3D1FA9EA5015}.Release|x64.Build.0 = Release|Any CPU
		{A65D5CF7-B411-4A20-AAFA-3D1FA9EA5015}.Release|x86.ActiveCfg = Release|Any CPU
		{A65D5CF7-B411-4A20-AAFA-3D1FA9EA5015}.Release|x86.Build.0 = Release|Any CPU
		{A805ADB5-7976-442F-A952-280B90B657F1}.Debug|Any CPU.ActiveCfg = Debug|Any CPU
		{A805ADB5-7976-442F-A952-280B90B657F1}.Debug|Any CPU.Build.0 = Debug|Any CPU
		{A805ADB5-7976-442F-A952-280B90B657F1}.Debug|x64.ActiveCfg = Debug|Any CPU
		{A805ADB5-7976-442F-A952-280B90B657F1}.Debug|x64.Build.0 = Debug|Any CPU
		{A805ADB5-7976-442F-A952-280B90B657F1}.Debug|x86.ActiveCfg = Debug|Any CPU
		{A805ADB5-7976-442F-A952-280B90B657F1}.Debug|x86.Build.0 = Debug|Any CPU
		{A805ADB5-7976-442F-A952-280B90B657F1}.Release|Any CPU.ActiveCfg = Release|Any CPU
		{A805ADB5-7976-442F-A952-280B90B657F1}.Release|Any CPU.Build.0 = Release|Any CPU
		{A805ADB5-7976-442F-A952-280B90B657F1}.Release|x64.ActiveCfg = Release|Any CPU
		{A805ADB5-7976-442F-A952-280B90B657F1}.Release|x64.Build.0 = Release|Any CPU
		{A805ADB5-7976-442F-A952-280B90B657F1}.Release|x86.ActiveCfg = Release|Any CPU
		{A805ADB5-7976-442F-A952-280B90B657F1}.Release|x86.Build.0 = Release|Any CPU
		{0FF90998-25F0-4F6E-85F3-42C6519BC411}.Debug|Any CPU.ActiveCfg = Debug|Any CPU
		{0FF90998-25F0-4F6E-85F3-42C6519BC411}.Debug|Any CPU.Build.0 = Debug|Any CPU
		{0FF90998-25F0-4F6E-85F3-42C6519BC411}.Debug|x64.ActiveCfg = Debug|Any CPU
		{0FF90998-25F0-4F6E-85F3-42C6519BC411}.Debug|x64.Build.0 = Debug|Any CPU
		{0FF90998-25F0-4F6E-85F3-42C6519BC411}.Debug|x86.ActiveCfg = Debug|Any CPU
		{0FF90998-25F0-4F6E-85F3-42C6519BC411}.Debug|x86.Build.0 = Debug|Any CPU
		{0FF90998-25F0-4F6E-85F3-42C6519BC411}.Release|Any CPU.ActiveCfg = Release|Any CPU
		{0FF90998-25F0-4F6E-85F3-42C6519BC411}.Release|Any CPU.Build.0 = Release|Any CPU
		{0FF90998-25F0-4F6E-85F3-42C6519BC411}.Release|x64.ActiveCfg = Release|Any CPU
		{0FF90998-25F0-4F6E-85F3-42C6519BC411}.Release|x64.Build.0 = Release|Any CPU
		{0FF90998-25F0-4F6E-85F3-42C6519BC411}.Release|x86.ActiveCfg = Release|Any CPU
		{0FF90998-25F0-4F6E-85F3-42C6519BC411}.Release|x86.Build.0 = Release|Any CPU
		{5C4E38FE-EE28-4CA2-A03F-0C4F8DBF1837}.Debug|Any CPU.ActiveCfg = Debug|Any CPU
		{5C4E38FE-EE28-4CA2-A03F-0C4F8DBF1837}.Debug|Any CPU.Build.0 = Debug|Any CPU
		{5C4E38FE-EE28-4CA2-A03F-0C4F8DBF1837}.Debug|x64.ActiveCfg = Debug|Any CPU
		{5C4E38FE-EE28-4CA2-A03F-0C4F8DBF1837}.Debug|x64.Build.0 = Debug|Any CPU
		{5C4E38FE-EE28-4CA2-A03F-0C4F8DBF1837}.Debug|x86.ActiveCfg = Debug|Any CPU
		{5C4E38FE-EE28-4CA2-A03F-0C4F8DBF1837}.Debug|x86.Build.0 = Debug|Any CPU
		{5C4E38FE-EE28-4CA2-A03F-0C4F8DBF1837}.Release|Any CPU.ActiveCfg = Release|Any CPU
		{5C4E38FE-EE28-4CA2-A03F-0C4F8DBF1837}.Release|Any CPU.Build.0 = Release|Any CPU
		{5C4E38FE-EE28-4CA2-A03F-0C4F8DBF1837}.Release|x64.ActiveCfg = Release|Any CPU
		{5C4E38FE-EE28-4CA2-A03F-0C4F8DBF1837}.Release|x64.Build.0 = Release|Any CPU
		{5C4E38FE-EE28-4CA2-A03F-0C4F8DBF1837}.Release|x86.ActiveCfg = Release|Any CPU
		{5C4E38FE-EE28-4CA2-A03F-0C4F8DBF1837}.Release|x86.Build.0 = Release|Any CPU
		{68EAB5A3-47D3-4360-9765-AE3311803CED}.Debug|Any CPU.ActiveCfg = Debug|Any CPU
		{68EAB5A3-47D3-4360-9765-AE3311803CED}.Debug|Any CPU.Build.0 = Debug|Any CPU
		{68EAB5A3-47D3-4360-9765-AE3311803CED}.Debug|x64.ActiveCfg = Debug|Any CPU
		{68EAB5A3-47D3-4360-9765-AE3311803CED}.Debug|x64.Build.0 = Debug|Any CPU
		{68EAB5A3-47D3-4360-9765-AE3311803CED}.Debug|x86.ActiveCfg = Debug|Any CPU
		{68EAB5A3-47D3-4360-9765-AE3311803CED}.Debug|x86.Build.0 = Debug|Any CPU
		{68EAB5A3-47D3-4360-9765-AE3311803CED}.Release|Any CPU.ActiveCfg = Release|Any CPU
		{68EAB5A3-47D3-4360-9765-AE3311803CED}.Release|Any CPU.Build.0 = Release|Any CPU
		{68EAB5A3-47D3-4360-9765-AE3311803CED}.Release|x64.ActiveCfg = Release|Any CPU
		{68EAB5A3-47D3-4360-9765-AE3311803CED}.Release|x64.Build.0 = Release|Any CPU
		{68EAB5A3-47D3-4360-9765-AE3311803CED}.Release|x86.ActiveCfg = Release|Any CPU
		{68EAB5A3-47D3-4360-9765-AE3311803CED}.Release|x86.Build.0 = Release|Any CPU
		{2563DBB4-FF54-411B-BB0A-1B47D97E189F}.Debug|Any CPU.ActiveCfg = Debug|Any CPU
		{2563DBB4-FF54-411B-BB0A-1B47D97E189F}.Debug|Any CPU.Build.0 = Debug|Any CPU
		{2563DBB4-FF54-411B-BB0A-1B47D97E189F}.Debug|x64.ActiveCfg = Debug|Any CPU
		{2563DBB4-FF54-411B-BB0A-1B47D97E189F}.Debug|x64.Build.0 = Debug|Any CPU
		{2563DBB4-FF54-411B-BB0A-1B47D97E189F}.Debug|x86.ActiveCfg = Debug|Any CPU
		{2563DBB4-FF54-411B-BB0A-1B47D97E189F}.Debug|x86.Build.0 = Debug|Any CPU
		{2563DBB4-FF54-411B-BB0A-1B47D97E189F}.Release|Any CPU.ActiveCfg = Release|Any CPU
		{2563DBB4-FF54-411B-BB0A-1B47D97E189F}.Release|Any CPU.Build.0 = Release|Any CPU
		{2563DBB4-FF54-411B-BB0A-1B47D97E189F}.Release|x64.ActiveCfg = Release|Any CPU
		{2563DBB4-FF54-411B-BB0A-1B47D97E189F}.Release|x64.Build.0 = Release|Any CPU
		{2563DBB4-FF54-411B-BB0A-1B47D97E189F}.Release|x86.ActiveCfg = Release|Any CPU
		{2563DBB4-FF54-411B-BB0A-1B47D97E189F}.Release|x86.Build.0 = Release|Any CPU
		{CF7F6CF1-83B1-47DF-A358-551C729C077C}.Debug|Any CPU.ActiveCfg = Debug|Any CPU
		{CF7F6CF1-83B1-47DF-A358-551C729C077C}.Debug|Any CPU.Build.0 = Debug|Any CPU
		{CF7F6CF1-83B1-47DF-A358-551C729C077C}.Debug|x64.ActiveCfg = Debug|Any CPU
		{CF7F6CF1-83B1-47DF-A358-551C729C077C}.Debug|x64.Build.0 = Debug|Any CPU
		{CF7F6CF1-83B1-47DF-A358-551C729C077C}.Debug|x86.ActiveCfg = Debug|Any CPU
		{CF7F6CF1-83B1-47DF-A358-551C729C077C}.Debug|x86.Build.0 = Debug|Any CPU
		{CF7F6CF1-83B1-47DF-A358-551C729C077C}.Release|Any CPU.ActiveCfg = Release|Any CPU
		{CF7F6CF1-83B1-47DF-A358-551C729C077C}.Release|Any CPU.Build.0 = Release|Any CPU
		{CF7F6CF1-83B1-47DF-A358-551C729C077C}.Release|x64.ActiveCfg = Release|Any CPU
		{CF7F6CF1-83B1-47DF-A358-551C729C077C}.Release|x64.Build.0 = Release|Any CPU
		{CF7F6CF1-83B1-47DF-A358-551C729C077C}.Release|x86.ActiveCfg = Release|Any CPU
		{CF7F6CF1-83B1-47DF-A358-551C729C077C}.Release|x86.Build.0 = Release|Any CPU
		{6F2E68CC-77F5-41A1-A7D9-D26AF8DBB2C7}.Debug|Any CPU.ActiveCfg = Debug|Any CPU
		{6F2E68CC-77F5-41A1-A7D9-D26AF8DBB2C7}.Debug|Any CPU.Build.0 = Debug|Any CPU
		{6F2E68CC-77F5-41A1-A7D9-D26AF8DBB2C7}.Debug|x64.ActiveCfg = Debug|Any CPU
		{6F2E68CC-77F5-41A1-A7D9-D26AF8DBB2C7}.Debug|x64.Build.0 = Debug|Any CPU
		{6F2E68CC-77F5-41A1-A7D9-D26AF8DBB2C7}.Debug|x86.ActiveCfg = Debug|Any CPU
		{6F2E68CC-77F5-41A1-A7D9-D26AF8DBB2C7}.Debug|x86.Build.0 = Debug|Any CPU
		{6F2E68CC-77F5-41A1-A7D9-D26AF8DBB2C7}.Release|Any CPU.ActiveCfg = Release|Any CPU
		{6F2E68CC-77F5-41A1-A7D9-D26AF8DBB2C7}.Release|Any CPU.Build.0 = Release|Any CPU
		{6F2E68CC-77F5-41A1-A7D9-D26AF8DBB2C7}.Release|x64.ActiveCfg = Release|Any CPU
		{6F2E68CC-77F5-41A1-A7D9-D26AF8DBB2C7}.Release|x64.Build.0 = Release|Any CPU
		{6F2E68CC-77F5-41A1-A7D9-D26AF8DBB2C7}.Release|x86.ActiveCfg = Release|Any CPU
		{6F2E68CC-77F5-41A1-A7D9-D26AF8DBB2C7}.Release|x86.Build.0 = Release|Any CPU
		{A7F13E80-ECC9-4E2C-82EC-8CAFAE9DB373}.Debug|Any CPU.ActiveCfg = Debug|Any CPU
		{A7F13E80-ECC9-4E2C-82EC-8CAFAE9DB373}.Debug|Any CPU.Build.0 = Debug|Any CPU
		{A7F13E80-ECC9-4E2C-82EC-8CAFAE9DB373}.Debug|x64.ActiveCfg = Debug|Any CPU
		{A7F13E80-ECC9-4E2C-82EC-8CAFAE9DB373}.Debug|x64.Build.0 = Debug|Any CPU
		{A7F13E80-ECC9-4E2C-82EC-8CAFAE9DB373}.Debug|x86.ActiveCfg = Debug|Any CPU
		{A7F13E80-ECC9-4E2C-82EC-8CAFAE9DB373}.Debug|x86.Build.0 = Debug|Any CPU
		{A7F13E80-ECC9-4E2C-82EC-8CAFAE9DB373}.Release|Any CPU.ActiveCfg = Release|Any CPU
		{A7F13E80-ECC9-4E2C-82EC-8CAFAE9DB373}.Release|Any CPU.Build.0 = Release|Any CPU
		{A7F13E80-ECC9-4E2C-82EC-8CAFAE9DB373}.Release|x64.ActiveCfg = Release|Any CPU
		{A7F13E80-ECC9-4E2C-82EC-8CAFAE9DB373}.Release|x64.Build.0 = Release|Any CPU
		{A7F13E80-ECC9-4E2C-82EC-8CAFAE9DB373}.Release|x86.ActiveCfg = Release|Any CPU
		{A7F13E80-ECC9-4E2C-82EC-8CAFAE9DB373}.Release|x86.Build.0 = Release|Any CPU
		{0983A2AA-33D5-47B6-AA6E-073F201B230C}.Debug|Any CPU.ActiveCfg = Debug|Any CPU
		{0983A2AA-33D5-47B6-AA6E-073F201B230C}.Debug|Any CPU.Build.0 = Debug|Any CPU
		{0983A2AA-33D5-47B6-AA6E-073F201B230C}.Debug|x64.ActiveCfg = Debug|Any CPU
		{0983A2AA-33D5-47B6-AA6E-073F201B230C}.Debug|x64.Build.0 = Debug|Any CPU
		{0983A2AA-33D5-47B6-AA6E-073F201B230C}.Debug|x86.ActiveCfg = Debug|Any CPU
		{0983A2AA-33D5-47B6-AA6E-073F201B230C}.Debug|x86.Build.0 = Debug|Any CPU
		{0983A2AA-33D5-47B6-AA6E-073F201B230C}.Release|Any CPU.ActiveCfg = Release|Any CPU
		{0983A2AA-33D5-47B6-AA6E-073F201B230C}.Release|Any CPU.Build.0 = Release|Any CPU
		{0983A2AA-33D5-47B6-AA6E-073F201B230C}.Release|x64.ActiveCfg = Release|Any CPU
		{0983A2AA-33D5-47B6-AA6E-073F201B230C}.Release|x64.Build.0 = Release|Any CPU
		{0983A2AA-33D5-47B6-AA6E-073F201B230C}.Release|x86.ActiveCfg = Release|Any CPU
		{0983A2AA-33D5-47B6-AA6E-073F201B230C}.Release|x86.Build.0 = Release|Any CPU
		{1698511A-FB8B-4D69-B043-5ECC6A471778}.Debug|Any CPU.ActiveCfg = Debug|Any CPU
		{1698511A-FB8B-4D69-B043-5ECC6A471778}.Debug|Any CPU.Build.0 = Debug|Any CPU
		{1698511A-FB8B-4D69-B043-5ECC6A471778}.Debug|x64.ActiveCfg = Debug|Any CPU
		{1698511A-FB8B-4D69-B043-5ECC6A471778}.Debug|x64.Build.0 = Debug|Any CPU
		{1698511A-FB8B-4D69-B043-5ECC6A471778}.Debug|x86.ActiveCfg = Debug|Any CPU
		{1698511A-FB8B-4D69-B043-5ECC6A471778}.Debug|x86.Build.0 = Debug|Any CPU
		{1698511A-FB8B-4D69-B043-5ECC6A471778}.Release|Any CPU.ActiveCfg = Release|Any CPU
		{1698511A-FB8B-4D69-B043-5ECC6A471778}.Release|Any CPU.Build.0 = Release|Any CPU
		{1698511A-FB8B-4D69-B043-5ECC6A471778}.Release|x64.ActiveCfg = Release|Any CPU
		{1698511A-FB8B-4D69-B043-5ECC6A471778}.Release|x64.Build.0 = Release|Any CPU
		{1698511A-FB8B-4D69-B043-5ECC6A471778}.Release|x86.ActiveCfg = Release|Any CPU
		{1698511A-FB8B-4D69-B043-5ECC6A471778}.Release|x86.Build.0 = Release|Any CPU
		{EB018625-F000-4996-8402-D06A29125208}.Debug|Any CPU.ActiveCfg = Debug|Any CPU
		{EB018625-F000-4996-8402-D06A29125208}.Debug|Any CPU.Build.0 = Debug|Any CPU
		{EB018625-F000-4996-8402-D06A29125208}.Debug|x64.ActiveCfg = Debug|Any CPU
		{EB018625-F000-4996-8402-D06A29125208}.Debug|x64.Build.0 = Debug|Any CPU
		{EB018625-F000-4996-8402-D06A29125208}.Debug|x86.ActiveCfg = Debug|Any CPU
		{EB018625-F000-4996-8402-D06A29125208}.Debug|x86.Build.0 = Debug|Any CPU
		{EB018625-F000-4996-8402-D06A29125208}.Release|Any CPU.ActiveCfg = Release|Any CPU
		{EB018625-F000-4996-8402-D06A29125208}.Release|Any CPU.Build.0 = Release|Any CPU
		{EB018625-F000-4996-8402-D06A29125208}.Release|x64.ActiveCfg = Release|Any CPU
		{EB018625-F000-4996-8402-D06A29125208}.Release|x64.Build.0 = Release|Any CPU
		{EB018625-F000-4996-8402-D06A29125208}.Release|x86.ActiveCfg = Release|Any CPU
		{EB018625-F000-4996-8402-D06A29125208}.Release|x86.Build.0 = Release|Any CPU
		{B59F358B-FD4C-41B7-AAF9-2BC5036D2450}.Debug|Any CPU.ActiveCfg = Debug|Any CPU
		{B59F358B-FD4C-41B7-AAF9-2BC5036D2450}.Debug|Any CPU.Build.0 = Debug|Any CPU
		{B59F358B-FD4C-41B7-AAF9-2BC5036D2450}.Debug|x64.ActiveCfg = Debug|Any CPU
		{B59F358B-FD4C-41B7-AAF9-2BC5036D2450}.Debug|x64.Build.0 = Debug|Any CPU
		{B59F358B-FD4C-41B7-AAF9-2BC5036D2450}.Debug|x86.ActiveCfg = Debug|Any CPU
		{B59F358B-FD4C-41B7-AAF9-2BC5036D2450}.Debug|x86.Build.0 = Debug|Any CPU
		{B59F358B-FD4C-41B7-AAF9-2BC5036D2450}.Release|Any CPU.ActiveCfg = Release|Any CPU
		{B59F358B-FD4C-41B7-AAF9-2BC5036D2450}.Release|Any CPU.Build.0 = Release|Any CPU
		{B59F358B-FD4C-41B7-AAF9-2BC5036D2450}.Release|x64.ActiveCfg = Release|Any CPU
		{B59F358B-FD4C-41B7-AAF9-2BC5036D2450}.Release|x64.Build.0 = Release|Any CPU
		{B59F358B-FD4C-41B7-AAF9-2BC5036D2450}.Release|x86.ActiveCfg = Release|Any CPU
		{B59F358B-FD4C-41B7-AAF9-2BC5036D2450}.Release|x86.Build.0 = Release|Any CPU
		{60294A43-B2E2-4430-A7FC-071D8564BB27}.Debug|Any CPU.ActiveCfg = Debug|Any CPU
		{60294A43-B2E2-4430-A7FC-071D8564BB27}.Debug|Any CPU.Build.0 = Debug|Any CPU
		{60294A43-B2E2-4430-A7FC-071D8564BB27}.Debug|x64.ActiveCfg = Debug|Any CPU
		{60294A43-B2E2-4430-A7FC-071D8564BB27}.Debug|x64.Build.0 = Debug|Any CPU
		{60294A43-B2E2-4430-A7FC-071D8564BB27}.Debug|x86.ActiveCfg = Debug|Any CPU
		{60294A43-B2E2-4430-A7FC-071D8564BB27}.Debug|x86.Build.0 = Debug|Any CPU
		{60294A43-B2E2-4430-A7FC-071D8564BB27}.Release|Any CPU.ActiveCfg = Release|Any CPU
		{60294A43-B2E2-4430-A7FC-071D8564BB27}.Release|Any CPU.Build.0 = Release|Any CPU
		{60294A43-B2E2-4430-A7FC-071D8564BB27}.Release|x64.ActiveCfg = Release|Any CPU
		{60294A43-B2E2-4430-A7FC-071D8564BB27}.Release|x64.Build.0 = Release|Any CPU
		{60294A43-B2E2-4430-A7FC-071D8564BB27}.Release|x86.ActiveCfg = Release|Any CPU
		{60294A43-B2E2-4430-A7FC-071D8564BB27}.Release|x86.Build.0 = Release|Any CPU
		{68448346-E62F-40B8-AC3F-DC54D6FDFCEE}.Debug|Any CPU.ActiveCfg = Debug|Any CPU
		{68448346-E62F-40B8-AC3F-DC54D6FDFCEE}.Debug|Any CPU.Build.0 = Debug|Any CPU
		{68448346-E62F-40B8-AC3F-DC54D6FDFCEE}.Debug|x64.ActiveCfg = Debug|Any CPU
		{68448346-E62F-40B8-AC3F-DC54D6FDFCEE}.Debug|x64.Build.0 = Debug|Any CPU
		{68448346-E62F-40B8-AC3F-DC54D6FDFCEE}.Debug|x86.ActiveCfg = Debug|Any CPU
		{68448346-E62F-40B8-AC3F-DC54D6FDFCEE}.Debug|x86.Build.0 = Debug|Any CPU
		{68448346-E62F-40B8-AC3F-DC54D6FDFCEE}.Release|Any CPU.ActiveCfg = Release|Any CPU
		{68448346-E62F-40B8-AC3F-DC54D6FDFCEE}.Release|Any CPU.Build.0 = Release|Any CPU
		{68448346-E62F-40B8-AC3F-DC54D6FDFCEE}.Release|x64.ActiveCfg = Release|Any CPU
		{68448346-E62F-40B8-AC3F-DC54D6FDFCEE}.Release|x64.Build.0 = Release|Any CPU
		{68448346-E62F-40B8-AC3F-DC54D6FDFCEE}.Release|x86.ActiveCfg = Release|Any CPU
		{68448346-E62F-40B8-AC3F-DC54D6FDFCEE}.Release|x86.Build.0 = Release|Any CPU
		{212F1039-2F35-460C-9B34-13C758A203DF}.Debug|Any CPU.ActiveCfg = Debug|Any CPU
		{212F1039-2F35-460C-9B34-13C758A203DF}.Debug|Any CPU.Build.0 = Debug|Any CPU
		{212F1039-2F35-460C-9B34-13C758A203DF}.Debug|x64.ActiveCfg = Debug|Any CPU
		{212F1039-2F35-460C-9B34-13C758A203DF}.Debug|x64.Build.0 = Debug|Any CPU
		{212F1039-2F35-460C-9B34-13C758A203DF}.Debug|x86.ActiveCfg = Debug|Any CPU
		{212F1039-2F35-460C-9B34-13C758A203DF}.Debug|x86.Build.0 = Debug|Any CPU
		{212F1039-2F35-460C-9B34-13C758A203DF}.Release|Any CPU.ActiveCfg = Release|Any CPU
		{212F1039-2F35-460C-9B34-13C758A203DF}.Release|Any CPU.Build.0 = Release|Any CPU
		{212F1039-2F35-460C-9B34-13C758A203DF}.Release|x64.ActiveCfg = Release|Any CPU
		{212F1039-2F35-460C-9B34-13C758A203DF}.Release|x64.Build.0 = Release|Any CPU
		{212F1039-2F35-460C-9B34-13C758A203DF}.Release|x86.ActiveCfg = Release|Any CPU
		{212F1039-2F35-460C-9B34-13C758A203DF}.Release|x86.Build.0 = Release|Any CPU
	EndGlobalSection
	GlobalSection(SolutionProperties) = preSolution
		HideSolutionNode = FALSE
	EndGlobalSection
	GlobalSection(NestedProjects) = preSolution
		{E424C10E-BBE2-4884-B5CA-EE7C22543D3D} = {7E4570A0-CF92-AA08-2656-CE2DB2EEF3F1}
		{7EC72F15-A302-4EF1-8D89-D8C8A7A3D439} = {7E4570A0-CF92-AA08-2656-CE2DB2EEF3F1}
		{E1B2C99B-CCC2-4E73-AA10-E26ADC2540C4} = {67E33AF6-69A8-4A8B-3DF5-22F1D1D02F5F}
		{5938DD7D-7EF2-4D68-AF97-DCE4DD6A489C} = {67E33AF6-69A8-4A8B-3DF5-22F1D1D02F5F}
		{A992E1AA-1FA9-47E6-BB46-12207E54A87F} = {67E33AF6-69A8-4A8B-3DF5-22F1D1D02F5F}
		{8A816AA0-2379-490C-A64A-7B62F8384753} = {67E33AF6-69A8-4A8B-3DF5-22F1D1D02F5F}
		{A805ADB5-7976-442F-A952-280B90B657F1} = {FC3E5D36-1368-2651-4FB0-1AEE5DC5F2AE}
		{0FF90998-25F0-4F6E-85F3-42C6519BC411} = {FC3E5D36-1368-2651-4FB0-1AEE5DC5F2AE}
		{5C4E38FE-EE28-4CA2-A03F-0C4F8DBF1837} = {FC3E5D36-1368-2651-4FB0-1AEE5DC5F2AE}
		{68EAB5A3-47D3-4360-9765-AE3311803CED} = {FC3E5D36-1368-2651-4FB0-1AEE5DC5F2AE}
		{2563DBB4-FF54-411B-BB0A-1B47D97E189F} = {FC3E5D36-1368-2651-4FB0-1AEE5DC5F2AE}
		{6F2E68CC-77F5-41A1-A7D9-D26AF8DBB2C7} = {1F17DF99-6B60-51ED-9785-CEC5C85BA640}
		{A7F13E80-ECC9-4E2C-82EC-8CAFAE9DB373} = {1F17DF99-6B60-51ED-9785-CEC5C85BA640}
		{0983A2AA-33D5-47B6-AA6E-073F201B230C} = {1F17DF99-6B60-51ED-9785-CEC5C85BA640}
		{EBAC68AA-48F6-C4FA-F532-D364198177C6} = {8BE3BCE6-229B-752F-7BFB-D06336C497AC}
		{1698511A-FB8B-4D69-B043-5ECC6A471778} = {EBAC68AA-48F6-C4FA-F532-D364198177C6}
		{EB018625-F000-4996-8402-D06A29125208} = {E0039ADD-1F34-3C7D-1593-36E009EA29A2}
		{B59F358B-FD4C-41B7-AAF9-2BC5036D2450} = {E0039ADD-1F34-3C7D-1593-36E009EA29A2}
		{60294A43-B2E2-4430-A7FC-071D8564BB27} = {E0039ADD-1F34-3C7D-1593-36E009EA29A2}
		{0ADB9AB5-2819-C541-B666-17D100AC84AD} = {E0039ADD-1F34-3C7D-1593-36E009EA29A2}
		{68448346-E62F-40B8-AC3F-DC54D6FDFCEE} = {0ADB9AB5-2819-C541-B666-17D100AC84AD}
		{212F1039-2F35-460C-9B34-13C758A203DF} = {E0039ADD-1F34-3C7D-1593-36E009EA29A2}
	EndGlobalSection
	GlobalSection(ExtensibilityGlobals) = postSolution
		SolutionGuid = {62955FF2-0619-4F26-9869-3DF8BA5E1E3E}
	EndGlobalSection
EndGlobal
